// !$*UTF8*$!
{
	archiveVersion = 1;
	classes = {
	};
	objectVersion = 56;
	objects = {

/* Begin PBXBuildFile section */
		E21CA5F62991C1B200DAA612 /* Book.swift in Sources */ = {isa = PBXBuildFile; fileRef = E21CA5F52991C1B200DAA612 /* Book.swift */; };
		E232FB7E2991B3B900101D11 /* LBOApp.swift in Sources */ = {isa = PBXBuildFile; fileRef = E232FB7D2991B3B900101D11 /* LBOApp.swift */; };
		E232FB802991B3B900101D11 /* MainView.swift in Sources */ = {isa = PBXBuildFile; fileRef = E232FB7F2991B3B900101D11 /* MainView.swift */; };
		E232FB822991B3BA00101D11 /* Assets.xcassets in Resources */ = {isa = PBXBuildFile; fileRef = E232FB812991B3BA00101D11 /* Assets.xcassets */; };
		E232FB852991B3BA00101D11 /* Preview Assets.xcassets in Resources */ = {isa = PBXBuildFile; fileRef = E232FB842991B3BA00101D11 /* Preview Assets.xcassets */; };
		E232FB8F2991B3BA00101D11 /* LBOTests.swift in Sources */ = {isa = PBXBuildFile; fileRef = E232FB8E2991B3BA00101D11 /* LBOTests.swift */; };
		E232FB992991B3BA00101D11 /* LBOUITests.swift in Sources */ = {isa = PBXBuildFile; fileRef = E232FB982991B3BA00101D11 /* LBOUITests.swift */; };
		E232FB9B2991B3BA00101D11 /* LBOUITestsLaunchTests.swift in Sources */ = {isa = PBXBuildFile; fileRef = E232FB9A2991B3BA00101D11 /* LBOUITestsLaunchTests.swift */; };
		E2C5C3CD2993E80A002AD997 /* NetworkRouter.swift in Sources */ = {isa = PBXBuildFile; fileRef = E2C5C3CC2993E80A002AD997 /* NetworkRouter.swift */; };
		E2C5C3CF2993E83D002AD997 /* NetworkRouterTests.swift in Sources */ = {isa = PBXBuildFile; fileRef = E2C5C3CE2993E83D002AD997 /* NetworkRouterTests.swift */; };
		E2C5C3D12993E890002AD997 /* ServiceProvider.swift in Sources */ = {isa = PBXBuildFile; fileRef = E2C5C3D02993E890002AD997 /* ServiceProvider.swift */; };
		E2C5C3D62994466E002AD997 /* MainViewModel.swift in Sources */ = {isa = PBXBuildFile; fileRef = E2C5C3D52994466E002AD997 /* MainViewModel.swift */; };
		E2C5C3D929953EA1002AD997 /* Kingfisher in Frameworks */ = {isa = PBXBuildFile; productRef = E2C5C3D829953EA1002AD997 /* Kingfisher */; };
		E2C5C3DC2995980D002AD997 /* Storage.swift in Sources */ = {isa = PBXBuildFile; fileRef = E2C5C3DB2995980D002AD997 /* Storage.swift */; };
		E2C5C3E02995AF0B002AD997 /* EBookCardView.swift in Sources */ = {isa = PBXBuildFile; fileRef = E2C5C3DF2995AF0B002AD997 /* EBookCardView.swift */; };
		E2C5C3E22995B2D3002AD997 /* SearchList.swift in Sources */ = {isa = PBXBuildFile; fileRef = E2C5C3E12995B2D3002AD997 /* SearchList.swift */; };
		E2C5C3E42995B35A002AD997 /* EBook.swift in Sources */ = {isa = PBXBuildFile; fileRef = E2C5C3E32995B35A002AD997 /* EBook.swift */; };
/* End PBXBuildFile section */

/* Begin PBXContainerItemProxy section */
		E232FB8B2991B3BA00101D11 /* PBXContainerItemProxy */ = {
			isa = PBXContainerItemProxy;
			containerPortal = E232FB722991B3B900101D11 /* Project object */;
			proxyType = 1;
			remoteGlobalIDString = E232FB792991B3B900101D11;
			remoteInfo = LBO;
		};
		E232FB952991B3BA00101D11 /* PBXContainerItemProxy */ = {
			isa = PBXContainerItemProxy;
			containerPortal = E232FB722991B3B900101D11 /* Project object */;
			proxyType = 1;
			remoteGlobalIDString = E232FB792991B3B900101D11;
			remoteInfo = LBO;
		};
/* End PBXContainerItemProxy section */

/* Begin PBXFileReference section */
		E21CA5F52991C1B200DAA612 /* Book.swift */ = {isa = PBXFileReference; lastKnownFileType = sourcecode.swift; path = Book.swift; sourceTree = "<group>"; };
		E232FB7A2991B3B900101D11 /* LBO.app */ = {isa = PBXFileReference; explicitFileType = wrapper.application; includeInIndex = 0; path = LBO.app; sourceTree = BUILT_PRODUCTS_DIR; };
		E232FB7D2991B3B900101D11 /* LBOApp.swift */ = {isa = PBXFileReference; lastKnownFileType = sourcecode.swift; path = LBOApp.swift; sourceTree = "<group>"; };
		E232FB7F2991B3B900101D11 /* MainView.swift */ = {isa = PBXFileReference; lastKnownFileType = sourcecode.swift; path = MainView.swift; sourceTree = "<group>"; };
		E232FB812991B3BA00101D11 /* Assets.xcassets */ = {isa = PBXFileReference; lastKnownFileType = folder.assetcatalog; path = Assets.xcassets; sourceTree = "<group>"; };
		E232FB842991B3BA00101D11 /* Preview Assets.xcassets */ = {isa = PBXFileReference; lastKnownFileType = folder.assetcatalog; path = "Preview Assets.xcassets"; sourceTree = "<group>"; };
		E232FB8A2991B3BA00101D11 /* LBOTests.xctest */ = {isa = PBXFileReference; explicitFileType = wrapper.cfbundle; includeInIndex = 0; path = LBOTests.xctest; sourceTree = BUILT_PRODUCTS_DIR; };
		E232FB8E2991B3BA00101D11 /* LBOTests.swift */ = {isa = PBXFileReference; lastKnownFileType = sourcecode.swift; path = LBOTests.swift; sourceTree = "<group>"; };
		E232FB942991B3BA00101D11 /* LBOUITests.xctest */ = {isa = PBXFileReference; explicitFileType = wrapper.cfbundle; includeInIndex = 0; path = LBOUITests.xctest; sourceTree = BUILT_PRODUCTS_DIR; };
		E232FB982991B3BA00101D11 /* LBOUITests.swift */ = {isa = PBXFileReference; lastKnownFileType = sourcecode.swift; path = LBOUITests.swift; sourceTree = "<group>"; };
		E232FB9A2991B3BA00101D11 /* LBOUITestsLaunchTests.swift */ = {isa = PBXFileReference; lastKnownFileType = sourcecode.swift; path = LBOUITestsLaunchTests.swift; sourceTree = "<group>"; };
		E2C5C3CC2993E80A002AD997 /* NetworkRouter.swift */ = {isa = PBXFileReference; lastKnownFileType = sourcecode.swift; path = NetworkRouter.swift; sourceTree = "<group>"; };
		E2C5C3CE2993E83D002AD997 /* NetworkRouterTests.swift */ = {isa = PBXFileReference; lastKnownFileType = sourcecode.swift; path = NetworkRouterTests.swift; sourceTree = "<group>"; };
		E2C5C3D02993E890002AD997 /* ServiceProvider.swift */ = {isa = PBXFileReference; lastKnownFileType = sourcecode.swift; path = ServiceProvider.swift; sourceTree = "<group>"; };
		E2C5C3D52994466E002AD997 /* MainViewModel.swift */ = {isa = PBXFileReference; lastKnownFileType = sourcecode.swift; path = MainViewModel.swift; sourceTree = "<group>"; };
		E2C5C3DA299540EF002AD997 /* Info.plist */ = {isa = PBXFileReference; lastKnownFileType = text.plist; path = Info.plist; sourceTree = "<group>"; };
		E2C5C3DB2995980D002AD997 /* Storage.swift */ = {isa = PBXFileReference; lastKnownFileType = sourcecode.swift; path = Storage.swift; sourceTree = "<group>"; };
		E2C5C3DF2995AF0B002AD997 /* EBookCardView.swift */ = {isa = PBXFileReference; lastKnownFileType = sourcecode.swift; path = EBookCardView.swift; sourceTree = "<group>"; };
		E2C5C3E12995B2D3002AD997 /* SearchList.swift */ = {isa = PBXFileReference; lastKnownFileType = sourcecode.swift; path = SearchList.swift; sourceTree = "<group>"; };
		E2C5C3E32995B35A002AD997 /* EBook.swift */ = {isa = PBXFileReference; lastKnownFileType = sourcecode.swift; path = EBook.swift; sourceTree = "<group>"; };
/* End PBXFileReference section */

/* Begin PBXFrameworksBuildPhase section */
		E232FB772991B3B900101D11 /* Frameworks */ = {
			isa = PBXFrameworksBuildPhase;
			buildActionMask = 2147483647;
			files = (
				E2C5C3D929953EA1002AD997 /* Kingfisher in Frameworks */,
			);
			runOnlyForDeploymentPostprocessing = 0;
		};
		E232FB872991B3BA00101D11 /* Frameworks */ = {
			isa = PBXFrameworksBuildPhase;
			buildActionMask = 2147483647;
			files = (
			);
			runOnlyForDeploymentPostprocessing = 0;
		};
		E232FB912991B3BA00101D11 /* Frameworks */ = {
			isa = PBXFrameworksBuildPhase;
			buildActionMask = 2147483647;
			files = (
			);
			runOnlyForDeploymentPostprocessing = 0;
		};
/* End PBXFrameworksBuildPhase section */

/* Begin PBXGroup section */
		E232FB712991B3B900101D11 = {
			isa = PBXGroup;
			children = (
				E232FB7C2991B3B900101D11 /* LBO */,
				E232FB8D2991B3BA00101D11 /* LBOTests */,
				E232FB972991B3BA00101D11 /* LBOUITests */,
				E232FB7B2991B3B900101D11 /* Products */,
			);
			sourceTree = "<group>";
		};
		E232FB7B2991B3B900101D11 /* Products */ = {
			isa = PBXGroup;
			children = (
				E232FB7A2991B3B900101D11 /* LBO.app */,
				E232FB8A2991B3BA00101D11 /* LBOTests.xctest */,
				E232FB942991B3BA00101D11 /* LBOUITests.xctest */,
			);
			name = Products;
			sourceTree = "<group>";
		};
		E232FB7C2991B3B900101D11 /* LBO */ = {
			isa = PBXGroup;
			children = (
				E2C5C3DA299540EF002AD997 /* Info.plist */,
				E2C5C3CB2993E7F8002AD997 /* Data */,
				E2C5C3DD2995983E002AD997 /* Domain */,
				E232FB7D2991B3B900101D11 /* LBOApp.swift */,
				E2C5C3DE29959851002AD997 /* Presentation */,
				E232FB812991B3BA00101D11 /* Assets.xcassets */,
				E232FB832991B3BA00101D11 /* Preview Content */,
			);
			path = LBO;
			sourceTree = "<group>";
		};
		E232FB832991B3BA00101D11 /* Preview Content */ = {
			isa = PBXGroup;
			children = (
				E232FB842991B3BA00101D11 /* Preview Assets.xcassets */,
			);
			path = "Preview Content";
			sourceTree = "<group>";
		};
		E232FB8D2991B3BA00101D11 /* LBOTests */ = {
			isa = PBXGroup;
			children = (
				E232FB8E2991B3BA00101D11 /* LBOTests.swift */,
				E2C5C3CE2993E83D002AD997 /* NetworkRouterTests.swift */,
			);
			path = LBOTests;
			sourceTree = "<group>";
		};
		E232FB972991B3BA00101D11 /* LBOUITests */ = {
			isa = PBXGroup;
			children = (
				E232FB982991B3BA00101D11 /* LBOUITests.swift */,
				E232FB9A2991B3BA00101D11 /* LBOUITestsLaunchTests.swift */,
			);
			path = LBOUITests;
			sourceTree = "<group>";
		};
		E2C5C3CB2993E7F8002AD997 /* Data */ = {
			isa = PBXGroup;
			children = (
				E2C5C3CC2993E80A002AD997 /* NetworkRouter.swift */,
				E2C5C3D02993E890002AD997 /* ServiceProvider.swift */,
				E21CA5F52991C1B200DAA612 /* Book.swift */,
			);
			path = Data;
			sourceTree = "<group>";
		};
		E2C5C3DD2995983E002AD997 /* Domain */ = {
			isa = PBXGroup;
			children = (
				E2C5C3DB2995980D002AD997 /* Storage.swift */,
				E2C5C3E32995B35A002AD997 /* EBook.swift */,
			);
			path = Domain;
			sourceTree = "<group>";
		};
		E2C5C3DE29959851002AD997 /* Presentation */ = {
			isa = PBXGroup;
			children = (
				E2C5C3DF2995AF0B002AD997 /* EBookCardView.swift */,
				E232FB7F2991B3B900101D11 /* MainView.swift */,
				E2C5C3D52994466E002AD997 /* MainViewModel.swift */,
				E2C5C3E12995B2D3002AD997 /* SearchList.swift */,
			);
			path = Presentation;
			sourceTree = "<group>";
		};
/* End PBXGroup section */

/* Begin PBXNativeTarget section */
		E232FB792991B3B900101D11 /* LBO */ = {
			isa = PBXNativeTarget;
			buildConfigurationList = E232FB9E2991B3BA00101D11 /* Build configuration list for PBXNativeTarget "LBO" */;
			buildPhases = (
				E232FB762991B3B900101D11 /* Sources */,
				E232FB772991B3B900101D11 /* Frameworks */,
				E232FB782991B3B900101D11 /* Resources */,
			);
			buildRules = (
			);
			dependencies = (
			);
			name = LBO;
			packageProductDependencies = (
				E2C5C3D829953EA1002AD997 /* Kingfisher */,
			);
			productName = LBO;
			productReference = E232FB7A2991B3B900101D11 /* LBO.app */;
			productType = "com.apple.product-type.application";
		};
		E232FB892991B3BA00101D11 /* LBOTests */ = {
			isa = PBXNativeTarget;
			buildConfigurationList = E232FBA12991B3BA00101D11 /* Build configuration list for PBXNativeTarget "LBOTests" */;
			buildPhases = (
				E232FB862991B3BA00101D11 /* Sources */,
				E232FB872991B3BA00101D11 /* Frameworks */,
				E232FB882991B3BA00101D11 /* Resources */,
			);
			buildRules = (
			);
			dependencies = (
				E232FB8C2991B3BA00101D11 /* PBXTargetDependency */,
			);
			name = LBOTests;
			productName = LBOTests;
			productReference = E232FB8A2991B3BA00101D11 /* LBOTests.xctest */;
			productType = "com.apple.product-type.bundle.unit-test";
		};
		E232FB932991B3BA00101D11 /* LBOUITests */ = {
			isa = PBXNativeTarget;
			buildConfigurationList = E232FBA42991B3BA00101D11 /* Build configuration list for PBXNativeTarget "LBOUITests" */;
			buildPhases = (
				E232FB902991B3BA00101D11 /* Sources */,
				E232FB912991B3BA00101D11 /* Frameworks */,
				E232FB922991B3BA00101D11 /* Resources */,
			);
			buildRules = (
			);
			dependencies = (
				E232FB962991B3BA00101D11 /* PBXTargetDependency */,
			);
			name = LBOUITests;
			productName = LBOUITests;
			productReference = E232FB942991B3BA00101D11 /* LBOUITests.xctest */;
			productType = "com.apple.product-type.bundle.ui-testing";
		};
/* End PBXNativeTarget section */

/* Begin PBXProject section */
		E232FB722991B3B900101D11 /* Project object */ = {
			isa = PBXProject;
			attributes = {
				BuildIndependentTargetsInParallel = 1;
				LastSwiftUpdateCheck = 1410;
				LastUpgradeCheck = 1410;
				TargetAttributes = {
					E232FB792991B3B900101D11 = {
						CreatedOnToolsVersion = 14.1;
					};
					E232FB892991B3BA00101D11 = {
						CreatedOnToolsVersion = 14.1;
						TestTargetID = E232FB792991B3B900101D11;
					};
					E232FB932991B3BA00101D11 = {
						CreatedOnToolsVersion = 14.1;
						TestTargetID = E232FB792991B3B900101D11;
					};
				};
			};
			buildConfigurationList = E232FB752991B3B900101D11 /* Build configuration list for PBXProject "LBO" */;
			compatibilityVersion = "Xcode 14.0";
			developmentRegion = en;
			hasScannedForEncodings = 0;
			knownRegions = (
				en,
				Base,
			);
			mainGroup = E232FB712991B3B900101D11;
			packageReferences = (
				E2C5C3D729953EA1002AD997 /* XCRemoteSwiftPackageReference "Kingfisher" */,
			);
			productRefGroup = E232FB7B2991B3B900101D11 /* Products */;
			projectDirPath = "";
			projectRoot = "";
			targets = (
				E232FB792991B3B900101D11 /* LBO */,
				E232FB892991B3BA00101D11 /* LBOTests */,
				E232FB932991B3BA00101D11 /* LBOUITests */,
			);
		};
/* End PBXProject section */

/* Begin PBXResourcesBuildPhase section */
		E232FB782991B3B900101D11 /* Resources */ = {
			isa = PBXResourcesBuildPhase;
			buildActionMask = 2147483647;
			files = (
				E232FB852991B3BA00101D11 /* Preview Assets.xcassets in Resources */,
				E232FB822991B3BA00101D11 /* Assets.xcassets in Resources */,
			);
			runOnlyForDeploymentPostprocessing = 0;
		};
		E232FB882991B3BA00101D11 /* Resources */ = {
			isa = PBXResourcesBuildPhase;
			buildActionMask = 2147483647;
			files = (
			);
			runOnlyForDeploymentPostprocessing = 0;
		};
		E232FB922991B3BA00101D11 /* Resources */ = {
			isa = PBXResourcesBuildPhase;
			buildActionMask = 2147483647;
			files = (
			);
			runOnlyForDeploymentPostprocessing = 0;
		};
/* End PBXResourcesBuildPhase section */

/* Begin PBXSourcesBuildPhase section */
		E232FB762991B3B900101D11 /* Sources */ = {
			isa = PBXSourcesBuildPhase;
			buildActionMask = 2147483647;
			files = (
				E232FB802991B3B900101D11 /* MainView.swift in Sources */,
				E2C5C3DC2995980D002AD997 /* Storage.swift in Sources */,
				E2C5C3E22995B2D3002AD997 /* SearchList.swift in Sources */,
				E2C5C3D12993E890002AD997 /* ServiceProvider.swift in Sources */,
				E2C5C3CD2993E80A002AD997 /* NetworkRouter.swift in Sources */,
				E2C5C3E02995AF0B002AD997 /* EBookCardView.swift in Sources */,
				E232FB7E2991B3B900101D11 /* LBOApp.swift in Sources */,
				E2C5C3D62994466E002AD997 /* MainViewModel.swift in Sources */,
				E2C5C3E42995B35A002AD997 /* EBook.swift in Sources */,
				E21CA5F62991C1B200DAA612 /* Book.swift in Sources */,
			);
			runOnlyForDeploymentPostprocessing = 0;
		};
		E232FB862991B3BA00101D11 /* Sources */ = {
			isa = PBXSourcesBuildPhase;
			buildActionMask = 2147483647;
			files = (
				E232FB8F2991B3BA00101D11 /* LBOTests.swift in Sources */,
				E2C5C3CF2993E83D002AD997 /* NetworkRouterTests.swift in Sources */,
			);
			runOnlyForDeploymentPostprocessing = 0;
		};
		E232FB902991B3BA00101D11 /* Sources */ = {
			isa = PBXSourcesBuildPhase;
			buildActionMask = 2147483647;
			files = (
				E232FB9B2991B3BA00101D11 /* LBOUITestsLaunchTests.swift in Sources */,
				E232FB992991B3BA00101D11 /* LBOUITests.swift in Sources */,
			);
			runOnlyForDeploymentPostprocessing = 0;
		};
/* End PBXSourcesBuildPhase section */

/* Begin PBXTargetDependency section */
		E232FB8C2991B3BA00101D11 /* PBXTargetDependency */ = {
			isa = PBXTargetDependency;
			target = E232FB792991B3B900101D11 /* LBO */;
			targetProxy = E232FB8B2991B3BA00101D11 /* PBXContainerItemProxy */;
		};
		E232FB962991B3BA00101D11 /* PBXTargetDependency */ = {
			isa = PBXTargetDependency;
			target = E232FB792991B3B900101D11 /* LBO */;
			targetProxy = E232FB952991B3BA00101D11 /* PBXContainerItemProxy */;
		};
/* End PBXTargetDependency section */

/* Begin XCBuildConfiguration section */
		E232FB9C2991B3BA00101D11 /* Debug */ = {
			isa = XCBuildConfiguration;
			buildSettings = {
				ALWAYS_SEARCH_USER_PATHS = NO;
				CLANG_ANALYZER_NONNULL = YES;
				CLANG_ANALYZER_NUMBER_OBJECT_CONVERSION = YES_AGGRESSIVE;
				CLANG_CXX_LANGUAGE_STANDARD = "gnu++20";
				CLANG_ENABLE_MODULES = YES;
				CLANG_ENABLE_OBJC_ARC = YES;
				CLANG_ENABLE_OBJC_WEAK = YES;
				CLANG_WARN_BLOCK_CAPTURE_AUTORELEASING = YES;
				CLANG_WARN_BOOL_CONVERSION = YES;
				CLANG_WARN_COMMA = YES;
				CLANG_WARN_CONSTANT_CONVERSION = YES;
				CLANG_WARN_DEPRECATED_OBJC_IMPLEMENTATIONS = YES;
				CLANG_WARN_DIRECT_OBJC_ISA_USAGE = YES_ERROR;
				CLANG_WARN_DOCUMENTATION_COMMENTS = YES;
				CLANG_WARN_EMPTY_BODY = YES;
				CLANG_WARN_ENUM_CONVERSION = YES;
				CLANG_WARN_INFINITE_RECURSION = YES;
				CLANG_WARN_INT_CONVERSION = YES;
				CLANG_WARN_NON_LITERAL_NULL_CONVERSION = YES;
				CLANG_WARN_OBJC_IMPLICIT_RETAIN_SELF = YES;
				CLANG_WARN_OBJC_LITERAL_CONVERSION = YES;
				CLANG_WARN_OBJC_ROOT_CLASS = YES_ERROR;
				CLANG_WARN_QUOTED_INCLUDE_IN_FRAMEWORK_HEADER = YES;
				CLANG_WARN_RANGE_LOOP_ANALYSIS = YES;
				CLANG_WARN_STRICT_PROTOTYPES = YES;
				CLANG_WARN_SUSPICIOUS_MOVE = YES;
				CLANG_WARN_UNGUARDED_AVAILABILITY = YES_AGGRESSIVE;
				CLANG_WARN_UNREACHABLE_CODE = YES;
				CLANG_WARN__DUPLICATE_METHOD_MATCH = YES;
				COPY_PHASE_STRIP = NO;
				DEBUG_INFORMATION_FORMAT = dwarf;
				ENABLE_STRICT_OBJC_MSGSEND = YES;
				ENABLE_TESTABILITY = YES;
				GCC_C_LANGUAGE_STANDARD = gnu11;
				GCC_DYNAMIC_NO_PIC = NO;
				GCC_NO_COMMON_BLOCKS = YES;
				GCC_OPTIMIZATION_LEVEL = 0;
				GCC_PREPROCESSOR_DEFINITIONS = (
					"DEBUG=1",
					"$(inherited)",
				);
				GCC_WARN_64_TO_32_BIT_CONVERSION = YES;
				GCC_WARN_ABOUT_RETURN_TYPE = YES_ERROR;
				GCC_WARN_UNDECLARED_SELECTOR = YES;
				GCC_WARN_UNINITIALIZED_AUTOS = YES_AGGRESSIVE;
				GCC_WARN_UNUSED_FUNCTION = YES;
				GCC_WARN_UNUSED_VARIABLE = YES;
				IPHONEOS_DEPLOYMENT_TARGET = 16.1;
				MTL_ENABLE_DEBUG_INFO = INCLUDE_SOURCE;
				MTL_FAST_MATH = YES;
				ONLY_ACTIVE_ARCH = YES;
				SDKROOT = iphoneos;
				SWIFT_ACTIVE_COMPILATION_CONDITIONS = DEBUG;
				SWIFT_OPTIMIZATION_LEVEL = "-Onone";
			};
			name = Debug;
		};
		E232FB9D2991B3BA00101D11 /* Release */ = {
			isa = XCBuildConfiguration;
			buildSettings = {
				ALWAYS_SEARCH_USER_PATHS = NO;
				CLANG_ANALYZER_NONNULL = YES;
				CLANG_ANALYZER_NUMBER_OBJECT_CONVERSION = YES_AGGRESSIVE;
				CLANG_CXX_LANGUAGE_STANDARD = "gnu++20";
				CLANG_ENABLE_MODULES = YES;
				CLANG_ENABLE_OBJC_ARC = YES;
				CLANG_ENABLE_OBJC_WEAK = YES;
				CLANG_WARN_BLOCK_CAPTURE_AUTORELEASING = YES;
				CLANG_WARN_BOOL_CONVERSION = YES;
				CLANG_WARN_COMMA = YES;
				CLANG_WARN_CONSTANT_CONVERSION = YES;
				CLANG_WARN_DEPRECATED_OBJC_IMPLEMENTATIONS = YES;
				CLANG_WARN_DIRECT_OBJC_ISA_USAGE = YES_ERROR;
				CLANG_WARN_DOCUMENTATION_COMMENTS = YES;
				CLANG_WARN_EMPTY_BODY = YES;
				CLANG_WARN_ENUM_CONVERSION = YES;
				CLANG_WARN_INFINITE_RECURSION = YES;
				CLANG_WARN_INT_CONVERSION = YES;
				CLANG_WARN_NON_LITERAL_NULL_CONVERSION = YES;
				CLANG_WARN_OBJC_IMPLICIT_RETAIN_SELF = YES;
				CLANG_WARN_OBJC_LITERAL_CONVERSION = YES;
				CLANG_WARN_OBJC_ROOT_CLASS = YES_ERROR;
				CLANG_WARN_QUOTED_INCLUDE_IN_FRAMEWORK_HEADER = YES;
				CLANG_WARN_RANGE_LOOP_ANALYSIS = YES;
				CLANG_WARN_STRICT_PROTOTYPES = YES;
				CLANG_WARN_SUSPICIOUS_MOVE = YES;
				CLANG_WARN_UNGUARDED_AVAILABILITY = YES_AGGRESSIVE;
				CLANG_WARN_UNREACHABLE_CODE = YES;
				CLANG_WARN__DUPLICATE_METHOD_MATCH = YES;
				COPY_PHASE_STRIP = NO;
				DEBUG_INFORMATION_FORMAT = "dwarf-with-dsym";
				ENABLE_NS_ASSERTIONS = NO;
				ENABLE_STRICT_OBJC_MSGSEND = YES;
				GCC_C_LANGUAGE_STANDARD = gnu11;
				GCC_NO_COMMON_BLOCKS = YES;
				GCC_WARN_64_TO_32_BIT_CONVERSION = YES;
				GCC_WARN_ABOUT_RETURN_TYPE = YES_ERROR;
				GCC_WARN_UNDECLARED_SELECTOR = YES;
				GCC_WARN_UNINITIALIZED_AUTOS = YES_AGGRESSIVE;
				GCC_WARN_UNUSED_FUNCTION = YES;
				GCC_WARN_UNUSED_VARIABLE = YES;
				IPHONEOS_DEPLOYMENT_TARGET = 16.1;
				MTL_ENABLE_DEBUG_INFO = NO;
				MTL_FAST_MATH = YES;
				SDKROOT = iphoneos;
				SWIFT_COMPILATION_MODE = wholemodule;
				SWIFT_OPTIMIZATION_LEVEL = "-O";
				VALIDATE_PRODUCT = YES;
			};
			name = Release;
		};
		E232FB9F2991B3BA00101D11 /* Debug */ = {
			isa = XCBuildConfiguration;
			buildSettings = {
				ASSETCATALOG_COMPILER_APPICON_NAME = AppIcon;
				ASSETCATALOG_COMPILER_GLOBAL_ACCENT_COLOR_NAME = AccentColor;
				CODE_SIGN_STYLE = Automatic;
				CURRENT_PROJECT_VERSION = 1;
				DEVELOPMENT_ASSET_PATHS = "\"LBO/Preview Content\"";
				DEVELOPMENT_TEAM = 53262BVL7Q;
				ENABLE_PREVIEWS = YES;
				GENERATE_INFOPLIST_FILE = YES;
				INFOPLIST_FILE = LBO/Info.plist;
				INFOPLIST_KEY_LSApplicationCategoryType = "public.app-category.books";
				INFOPLIST_KEY_UIApplicationSceneManifest_Generation = YES;
				INFOPLIST_KEY_UIApplicationSupportsIndirectInputEvents = YES;
				INFOPLIST_KEY_UILaunchScreen_Generation = YES;
				INFOPLIST_KEY_UISupportedInterfaceOrientations = UIInterfaceOrientationPortrait;
				INFOPLIST_KEY_UISupportedInterfaceOrientations_iPad = "UIInterfaceOrientationLandscapeLeft UIInterfaceOrientationLandscapeRight UIInterfaceOrientationPortrait UIInterfaceOrientationPortraitUpsideDown";
				IPHONEOS_DEPLOYMENT_TARGET = 16.0;
				LD_RUNPATH_SEARCH_PATHS = (
					"$(inherited)",
					"@executable_path/Frameworks",
				);
				MARKETING_VERSION = 1.0;
				PRODUCT_BUNDLE_IDENTIFIER = com.npagesy.LBO;
				PRODUCT_NAME = "$(TARGET_NAME)";
				SUPPORTED_PLATFORMS = "iphoneos iphonesimulator";
				SUPPORTS_MACCATALYST = NO;
				SUPPORTS_MAC_DESIGNED_FOR_IPHONE_IPAD = NO;
				SWIFT_EMIT_LOC_STRINGS = YES;
				SWIFT_VERSION = 5.0;
				TARGETED_DEVICE_FAMILY = 1;
			};
			name = Debug;
		};
		E232FBA02991B3BA00101D11 /* Release */ = {
			isa = XCBuildConfiguration;
			buildSettings = {
				ASSETCATALOG_COMPILER_APPICON_NAME = AppIcon;
				ASSETCATALOG_COMPILER_GLOBAL_ACCENT_COLOR_NAME = AccentColor;
				CODE_SIGN_STYLE = Automatic;
				CURRENT_PROJECT_VERSION = 1;
				DEVELOPMENT_ASSET_PATHS = "\"LBO/Preview Content\"";
				DEVELOPMENT_TEAM = 53262BVL7Q;
				ENABLE_PREVIEWS = YES;
				GENERATE_INFOPLIST_FILE = YES;
				INFOPLIST_FILE = LBO/Info.plist;
				INFOPLIST_KEY_LSApplicationCategoryType = "public.app-category.books";
				INFOPLIST_KEY_UIApplicationSceneManifest_Generation = YES;
				INFOPLIST_KEY_UIApplicationSupportsIndirectInputEvents = YES;
				INFOPLIST_KEY_UILaunchScreen_Generation = YES;
				INFOPLIST_KEY_UISupportedInterfaceOrientations = UIInterfaceOrientationPortrait;
				INFOPLIST_KEY_UISupportedInterfaceOrientations_iPad = "UIInterfaceOrientationLandscapeLeft UIInterfaceOrientationLandscapeRight UIInterfaceOrientationPortrait UIInterfaceOrientationPortraitUpsideDown";
				IPHONEOS_DEPLOYMENT_TARGET = 16.0;
				LD_RUNPATH_SEARCH_PATHS = (
					"$(inherited)",
					"@executable_path/Frameworks",
				);
				MARKETING_VERSION = 1.0;
				PRODUCT_BUNDLE_IDENTIFIER = com.npagesy.LBO;
				PRODUCT_NAME = "$(TARGET_NAME)";
				SUPPORTED_PLATFORMS = "iphoneos iphonesimulator";
				SUPPORTS_MACCATALYST = NO;
				SUPPORTS_MAC_DESIGNED_FOR_IPHONE_IPAD = NO;
				SWIFT_EMIT_LOC_STRINGS = YES;
				SWIFT_VERSION = 5.0;
				TARGETED_DEVICE_FAMILY = 1;
			};
			name = Release;
		};
		E232FBA22991B3BA00101D11 /* Debug */ = {
			isa = XCBuildConfiguration;
			buildSettings = {
				ALWAYS_EMBED_SWIFT_STANDARD_LIBRARIES = YES;
				BUNDLE_LOADER = "$(TEST_HOST)";
				CODE_SIGN_STYLE = Automatic;
				CURRENT_PROJECT_VERSION = 1;
				DEVELOPMENT_TEAM = 53262BVL7Q;
				GENERATE_INFOPLIST_FILE = YES;
				IPHONEOS_DEPLOYMENT_TARGET = 16.1;
				MARKETING_VERSION = 1.0;
				PRODUCT_BUNDLE_IDENTIFIER = com.npagesy.LBOTests;
				PRODUCT_NAME = "$(TARGET_NAME)";
				SWIFT_EMIT_LOC_STRINGS = NO;
				SWIFT_VERSION = 5.0;
				TARGETED_DEVICE_FAMILY = "1,2";
				TEST_HOST = "$(BUILT_PRODUCTS_DIR)/LBO.app/$(BUNDLE_EXECUTABLE_FOLDER_PATH)/LBO";
			};
			name = Debug;
		};
		E232FBA32991B3BA00101D11 /* Release */ = {
			isa = XCBuildConfiguration;
			buildSettings = {
				ALWAYS_EMBED_SWIFT_STANDARD_LIBRARIES = YES;
				BUNDLE_LOADER = "$(TEST_HOST)";
				CODE_SIGN_STYLE = Automatic;
				CURRENT_PROJECT_VERSION = 1;
				DEVELOPMENT_TEAM = 53262BVL7Q;
				GENERATE_INFOPLIST_FILE = YES;
				IPHONEOS_DEPLOYMENT_TARGET = 16.1;
				MARKETING_VERSION = 1.0;
				PRODUCT_BUNDLE_IDENTIFIER = com.npagesy.LBOTests;
				PRODUCT_NAME = "$(TARGET_NAME)";
				SWIFT_EMIT_LOC_STRINGS = NO;
				SWIFT_VERSION = 5.0;
				TARGETED_DEVICE_FAMILY = "1,2";
				TEST_HOST = "$(BUILT_PRODUCTS_DIR)/LBO.app/$(BUNDLE_EXECUTABLE_FOLDER_PATH)/LBO";
			};
			name = Release;
		};
		E232FBA52991B3BA00101D11 /* Debug */ = {
			isa = XCBuildConfiguration;
			buildSettings = {
				ALWAYS_EMBED_SWIFT_STANDARD_LIBRARIES = YES;
				CODE_SIGN_STYLE = Automatic;
				CURRENT_PROJECT_VERSION = 1;
				DEVELOPMENT_TEAM = 53262BVL7Q;
				GENERATE_INFOPLIST_FILE = YES;
				MARKETING_VERSION = 1.0;
				PRODUCT_BUNDLE_IDENTIFIER = com.npagesy.LBOUITests;
				PRODUCT_NAME = "$(TARGET_NAME)";
				SWIFT_EMIT_LOC_STRINGS = NO;
				SWIFT_VERSION = 5.0;
				TARGETED_DEVICE_FAMILY = "1,2";
				TEST_TARGET_NAME = LBO;
			};
			name = Debug;
		};
		E232FBA62991B3BA00101D11 /* Release */ = {
			isa = XCBuildConfiguration;
			buildSettings = {
				ALWAYS_EMBED_SWIFT_STANDARD_LIBRARIES = YES;
				CODE_SIGN_STYLE = Automatic;
				CURRENT_PROJECT_VERSION = 1;
				DEVELOPMENT_TEAM = 53262BVL7Q;
				GENERATE_INFOPLIST_FILE = YES;
				MARKETING_VERSION = 1.0;
				PRODUCT_BUNDLE_IDENTIFIER = com.npagesy.LBOUITests;
				PRODUCT_NAME = "$(TARGET_NAME)";
				SWIFT_EMIT_LOC_STRINGS = NO;
				SWIFT_VERSION = 5.0;
				TARGETED_DEVICE_FAMILY = "1,2";
				TEST_TARGET_NAME = LBO;
			};
			name = Release;
		};
/* End XCBuildConfiguration section */

/* Begin XCConfigurationList section */
		E232FB752991B3B900101D11 /* Build configuration list for PBXProject "LBO" */ = {
			isa = XCConfigurationList;
			buildConfigurations = (
				E232FB9C2991B3BA00101D11 /* Debug */,
				E232FB9D2991B3BA00101D11 /* Release */,
			);
			defaultConfigurationIsVisible = 0;
			defaultConfigurationName = Release;
		};
		E232FB9E2991B3BA00101D11 /* Build configuration list for PBXNativeTarget "LBO" */ = {
			isa = XCConfigurationList;
			buildConfigurations = (
				E232FB9F2991B3BA00101D11 /* Debug */,
				E232FBA02991B3BA00101D11 /* Release */,
			);
			defaultConfigurationIsVisible = 0;
			defaultConfigurationName = Release;
		};
		E232FBA12991B3BA00101D11 /* Build configuration list for PBXNativeTarget "LBOTests" */ = {
			isa = XCConfigurationList;
			buildConfigurations = (
				E232FBA22991B3BA00101D11 /* Debug */,
				E232FBA32991B3BA00101D11 /* Release */,
			);
			defaultConfigurationIsVisible = 0;
			defaultConfigurationName = Release;
		};
		E232FBA42991B3BA00101D11 /* Build configuration list for PBXNativeTarget "LBOUITests" */ = {
			isa = XCConfigurationList;
			buildConfigurations = (
				E232FBA52991B3BA00101D11 /* Debug */,
				E232FBA62991B3BA00101D11 /* Release */,
			);
			defaultConfigurationIsVisible = 0;
			defaultConfigurationName = Release;
		};
/* End XCConfigurationList section */

/* Begin XCRemoteSwiftPackageReference section */
		E2C5C3D729953EA1002AD997 /* XCRemoteSwiftPackageReference "Kingfisher" */ = {
			isa = XCRemoteSwiftPackageReference;
			repositoryURL = "https://github.com/onevcat/Kingfisher.git";
			requirement = {
				kind = exactVersion;
				version = 7.5.0;
			};
		};
/* End XCRemoteSwiftPackageReference section */

/* Begin XCSwiftPackageProductDependency section */
		E2C5C3D829953EA1002AD997 /* Kingfisher */ = {
			isa = XCSwiftPackageProductDependency;
			package = E2C5C3D729953EA1002AD997 /* XCRemoteSwiftPackageReference "Kingfisher" */;
			productName = Kingfisher;
		};
/* End XCSwiftPackageProductDependency section */
	};
	rootObject = E232FB722991B3B900101D11 /* Project object */;
}
